
Microsoft Visual Studio Solution File, Format Version 12.00
# Visual Studio Version 16
VisualStudioVersion = 16.0.31515.178
MinimumVisualStudioVersion = 10.0.40219.1
Project("{FAE04EC0-301F-11D3-BF4B-00C04F79EFBC}") = "DataLayer", "DataLayer\DataLayer.csproj", "{06C28170-E716-4304-8A78-A9A165627073}"
EndProject
Project("{FAE04EC0-301F-11D3-BF4B-00C04F79EFBC}") = "BusinessLayer", "BusinessLayer\BusinessLayer.csproj", "{74324D97-E4A5-4458-B0D4-EC293C5CE220}"
EndProject
Project("{FAE04EC0-301F-11D3-BF4B-00C04F79EFBC}") = "QLNHANSU", "QLNHANSU\QLNHANSU.csproj", "{CA79214A-92C3-42BC-8AA8-ED0554AE2657}"
EndProject
Global
	GlobalSection(SolutionConfigurationPlatforms) = preSolution
		Debug|Any CPU = Debug|Any CPU
		Release|Any CPU = Release|Any CPU
	EndGlobalSection
	GlobalSection(ProjectConfigurationPlatforms) = postSolution
		{06C28170-E716-4304-8A78-A9A165627073}.Debug|Any CPU.ActiveCfg = Debug|Any CPU
		{06C28170-E716-4304-8A78-A9A165627073}.Debug|Any CPU.Build.0 = Debug|Any CPU
		{06C28170-E716-4304-8A78-A9A165627073}.Release|Any CPU.ActiveCfg = Release|Any CPU
		{06C28170-E716-4304-8A78-A9A165627073}.Release|Any CPU.Build.0 = Release|Any CPU
		{74324D97-E4A5-4458-B0D4-EC293C5CE220}.Debug|Any CPU.ActiveCfg = Debug|Any CPU
		{74324D97-E4A5-4458-B0D4-EC293C5CE220}.Debug|Any CPU.Build.0 = Debug|Any CPU
		{74324D97-E4A5-4458-B0D4-EC293C5CE220}.Release|Any CPU.ActiveCfg = Release|Any CPU
		{74324D97-E4A5-4458-B0D4-EC293C5CE220}.Release|Any CPU.Build.0 = Release|Any CPU
		{CA79214A-92C3-42BC-8AA8-ED0554AE2657}.Debug|Any CPU.ActiveCfg = Debug|Any CPU
		{CA79214A-92C3-42BC-8AA8-ED0554AE2657}.Debug|Any CPU.Build.0 = Debug|Any CPU
		{CA79214A-92C3-42BC-8AA8-ED0554AE2657}.Release|Any CPU.ActiveCfg = Release|Any CPU
		{CA79214A-92C3-42BC-8AA8-ED0554AE2657}.Release|Any CPU.Build.0 = Release|Any CPU
	EndGlobalSection
	GlobalSection(SolutionProperties) = preSolution
		HideSolutionNode = FALSE
	EndGlobalSection
	GlobalSection(ExtensibilityGlobals) = postSolution
		SolutionGuid = {CB24BF02-DC0B-4D69-B9FE-400A42362CFB}
	EndGlobalSection
EndGlobal
